
Microsoft Visual Studio Solution File, Format Version 12.00
# Visual Studio Version 16
VisualStudioVersion = 16.0.29424.173
MinimumVisualStudioVersion = 10.0.40219.1
Project("{FAE04EC0-301F-11D3-BF4B-00C04F79EFBC}") = "Laboratory_5", "Laboratory_5.csproj", "{F4773C79-C950-4556-873A-BD4CB1DFA0ED}"
EndProject
Global
	GlobalSection(SolutionConfigurationPlatforms) = preSolution
		Debug|Any CPU = Debug|Any CPU
		Release|Any CPU = Release|Any CPU
	EndGlobalSection
	GlobalSection(ProjectConfigurationPlatforms) = postSolution
		{F4773C79-C950-4556-873A-BD4CB1DFA0ED}.Debug|Any CPU.ActiveCfg = Debug|Any CPU
		{F4773C79-C950-4556-873A-BD4CB1DFA0ED}.Debug|Any CPU.Build.0 = Debug|Any CPU
		{F4773C79-C950-4556-873A-BD4CB1DFA0ED}.Release|Any CPU.ActiveCfg = Release|Any CPU
		{F4773C79-C950-4556-873A-BD4CB1DFA0ED}.Release|Any CPU.Build.0 = Release|Any CPU
	EndGlobalSection
	GlobalSection(SolutionProperties) = preSolution
		HideSolutionNode = FALSE
	EndGlobalSection
	GlobalSection(ExtensibilityGlobals) = postSolution
		SolutionGuid = {0CAC05B8-8530-487A-86AA-BE6178007EB8}
	EndGlobalSection
EndGlobal
